
Microsoft Visual Studio Solution File, Format Version 12.00
# Visual Studio 15
Project("{FAE04EC0-301F-11D3-BF4B-00C04F79EFBC}") = "BookStoreAPI", "BookStoreAPI.csproj", "{5CCE8D1A-13A6-4E9F-9998-4436EF7C8CE8}"
EndProject
Global
	GlobalSection(SolutionConfigurationPlatforms) = preSolution
		Debug|Any CPU = Debug|Any CPU
		Release|Any CPU = Release|Any CPU
	EndGlobalSection
	GlobalSection(ProjectConfigurationPlatforms) = postSolution
		{5CCE8D1A-13A6-4E9F-9998-4436EF7C8CE8}.Debug|Any CPU.ActiveCfg = Debug|Any CPU
		{5CCE8D1A-13A6-4E9F-9998-4436EF7C8CE8}.Debug|Any CPU.Build.0 = Debug|Any CPU
		{5CCE8D1A-13A6-4E9F-9998-4436EF7C8CE8}.Release|Any CPU.ActiveCfg = Release|Any CPU
		{5CCE8D1A-13A6-4E9F-9998-4436EF7C8CE8}.Release|Any CPU.Build.0 = Release|Any CPU
	EndGlobalSection
EndGlobal
